
Microsoft Visual Studio Solution File, Format Version 12.00
# Visual Studio 15
VisualStudioVersion = 15.0.28010.2050
MinimumVisualStudioVersion = 10.0.40219.1
Project("{FAE04EC0-301F-11D3-BF4B-00C04F79EFBC}") = "ExceptionHandlingDrill106", "ExceptionHandlingDrill106\ExceptionHandlingDrill106.csproj", "{15A6C26A-FCFD-470F-8164-7EAAE78628FD}"
EndProject
Global
	GlobalSection(SolutionConfigurationPlatforms) = preSolution
		Debug|Any CPU = Debug|Any CPU
		Release|Any CPU = Release|Any CPU
	EndGlobalSection
	GlobalSection(ProjectConfigurationPlatforms) = postSolution
		{15A6C26A-FCFD-470F-8164-7EAAE78628FD}.Debug|Any CPU.ActiveCfg = Debug|Any CPU
		{15A6C26A-FCFD-470F-8164-7EAAE78628FD}.Debug|Any CPU.Build.0 = Debug|Any CPU
		{15A6C26A-FCFD-470F-8164-7EAAE78628FD}.Release|Any CPU.ActiveCfg = Release|Any CPU
		{15A6C26A-FCFD-470F-8164-7EAAE78628FD}.Release|Any CPU.Build.0 = Release|Any CPU
	EndGlobalSection
	GlobalSection(SolutionProperties) = preSolution
		HideSolutionNode = FALSE
	EndGlobalSection
	GlobalSection(ExtensibilityGlobals) = postSolution
		SolutionGuid = {07644527-3200-4CAC-8DA4-74995059B664}
	EndGlobalSection
EndGlobal
