
Microsoft Visual Studio Solution File, Format Version 12.00
# Visual Studio 15
VisualStudioVersion = 15.0.28010.2050
MinimumVisualStudioVersion = 10.0.40219.1
Project("{FAE04EC0-301F-11D3-BF4B-00C04F79EFBC}") = "Structs", "Structs\Structs.csproj", "{356B4434-73F5-4F69-ADBB-2FFD82778387}"
EndProject
Global
	GlobalSection(SolutionConfigurationPlatforms) = preSolution
		Debug|Any CPU = Debug|Any CPU
		Release|Any CPU = Release|Any CPU
	EndGlobalSection
	GlobalSection(ProjectConfigurationPlatforms) = postSolution
		{356B4434-73F5-4F69-ADBB-2FFD82778387}.Debug|Any CPU.ActiveCfg = Debug|Any CPU
		{356B4434-73F5-4F69-ADBB-2FFD82778387}.Debug|Any CPU.Build.0 = Debug|Any CPU
		{356B4434-73F5-4F69-ADBB-2FFD82778387}.Release|Any CPU.ActiveCfg = Release|Any CPU
		{356B4434-73F5-4F69-ADBB-2FFD82778387}.Release|Any CPU.Build.0 = Release|Any CPU
	EndGlobalSection
	GlobalSection(SolutionProperties) = preSolution
		HideSolutionNode = FALSE
	EndGlobalSection
	GlobalSection(ExtensibilityGlobals) = postSolution
		SolutionGuid = {15102CAC-02B4-4BF6-9C07-7F3126C46585}
	EndGlobalSection
EndGlobal
