
Microsoft Visual Studio Solution File, Format Version 12.00
# Visual Studio 15
VisualStudioVersion = 15.0.28010.2050
MinimumVisualStudioVersion = 10.0.40219.1
Project("{FAE04EC0-301F-11D3-BF4B-00C04F79EFBC}") = "Drill162", "Drill162\Drill162.csproj", "{442DA632-56B9-4687-B9D1-7A745742848E}"
EndProject
Global
	GlobalSection(SolutionConfigurationPlatforms) = preSolution
		Debug|Any CPU = Debug|Any CPU
		Release|Any CPU = Release|Any CPU
	EndGlobalSection
	GlobalSection(ProjectConfigurationPlatforms) = postSolution
		{442DA632-56B9-4687-B9D1-7A745742848E}.Debug|Any CPU.ActiveCfg = Debug|Any CPU
		{442DA632-56B9-4687-B9D1-7A745742848E}.Debug|Any CPU.Build.0 = Debug|Any CPU
		{442DA632-56B9-4687-B9D1-7A745742848E}.Release|Any CPU.ActiveCfg = Release|Any CPU
		{442DA632-56B9-4687-B9D1-7A745742848E}.Release|Any CPU.Build.0 = Release|Any CPU
	EndGlobalSection
	GlobalSection(SolutionProperties) = preSolution
		HideSolutionNode = FALSE
	EndGlobalSection
	GlobalSection(ExtensibilityGlobals) = postSolution
		SolutionGuid = {A1389437-43EE-44F4-BFCE-7A4DEDD8D666}
	EndGlobalSection
EndGlobal
